// !$*UTF8*$!
{
	archiveVersion = 1;
	classes = {
	};
	objectVersion = 46;
	objects = {

/* Begin PBXBuildFile section */
		814986AD1CC0255B009B2C87 /* main.m in Sources */ = {isa = PBXBuildFile; fileRef = 814986AC1CC0255B009B2C87 /* main.m */; };
		814986B01CC0255B009B2C87 /* AppDelegate.m in Sources */ = {isa = PBXBuildFile; fileRef = 814986AF1CC0255B009B2C87 /* AppDelegate.m */; };
		814986B61CC0255B009B2C87 /* Main.storyboard in Resources */ = {isa = PBXBuildFile; fileRef = 814986B41CC0255B009B2C87 /* Main.storyboard */; };
		814986B81CC0255B009B2C87 /* Assets.xcassets in Resources */ = {isa = PBXBuildFile; fileRef = 814986B71CC0255B009B2C87 /* Assets.xcassets */; };
		814986BB1CC0255B009B2C87 /* LaunchScreen.storyboard in Resources */ = {isa = PBXBuildFile; fileRef = 814986B91CC0255B009B2C87 /* LaunchScreen.storyboard */; };
		814986D61CC0284B009B2C87 /* HomeViewController.m in Sources */ = {isa = PBXBuildFile; fileRef = 814986D51CC0284B009B2C87 /* HomeViewController.m */; };
		814986DC1CC02AA6009B2C87 /* NewsContentCollectionCell.m in Sources */ = {isa = PBXBuildFile; fileRef = 814986DB1CC02AA6009B2C87 /* NewsContentCollectionCell.m */; };
		814986DE1CC02AE8009B2C87 /* News.storyboard in Resources */ = {isa = PBXBuildFile; fileRef = 814986DD1CC02AE8009B2C87 /* News.storyboard */; };
/* End PBXBuildFile section */

/* Begin PBXFileReference section */
		814986A81CC0255B009B2C87 /* NewsBoardDemo.app */ = {isa = PBXFileReference; explicitFileType = wrapper.application; includeInIndex = 0; path = NewsBoardDemo.app; sourceTree = BUILT_PRODUCTS_DIR; };
		814986AC1CC0255B009B2C87 /* main.m */ = {isa = PBXFileReference; lastKnownFileType = sourcecode.c.objc; path = main.m; sourceTree = "<group>"; };
		814986AE1CC0255B009B2C87 /* AppDelegate.h */ = {isa = PBXFileReference; lastKnownFileType = sourcecode.c.h; path = AppDelegate.h; sourceTree = "<group>"; };
		814986AF1CC0255B009B2C87 /* AppDelegate.m */ = {isa = PBXFileReference; lastKnownFileType = sourcecode.c.objc; path = AppDelegate.m; sourceTree = "<group>"; };
		814986B51CC0255B009B2C87 /* Base */ = {isa = PBXFileReference; lastKnownFileType = file.storyboard; name = Base; path = Base.lproj/Main.storyboard; sourceTree = "<group>"; };
		814986B71CC0255B009B2C87 /* Assets.xcassets */ = {isa = PBXFileReference; lastKnownFileType = folder.assetcatalog; path = Assets.xcassets; sourceTree = "<group>"; };
		814986BA1CC0255B009B2C87 /* Base */ = {isa = PBXFileReference; lastKnownFileType = file.storyboard; name = Base; path = Base.lproj/LaunchScreen.storyboard; sourceTree = "<group>"; };
		814986BC1CC0255B009B2C87 /* Info.plist */ = {isa = PBXFileReference; lastKnownFileType = text.plist.xml; path = Info.plist; sourceTree = "<group>"; };
		814986D41CC0284B009B2C87 /* HomeViewController.h */ = {isa = PBXFileReference; fileEncoding = 4; lastKnownFileType = sourcecode.c.h; path = HomeViewController.h; sourceTree = "<group>"; };
		814986D51CC0284B009B2C87 /* HomeViewController.m */ = {isa = PBXFileReference; fileEncoding = 4; lastKnownFileType = sourcecode.c.objc; path = HomeViewController.m; sourceTree = "<group>"; };
		814986DA1CC02AA6009B2C87 /* NewsContentCollectionCell.h */ = {isa = PBXFileReference; fileEncoding = 4; lastKnownFileType = sourcecode.c.h; path = NewsContentCollectionCell.h; sourceTree = "<group>"; };
		814986DB1CC02AA6009B2C87 /* NewsContentCollectionCell.m */ = {isa = PBXFileReference; fileEncoding = 4; lastKnownFileType = sourcecode.c.objc; path = NewsContentCollectionCell.m; sourceTree = "<group>"; };
		814986DD1CC02AE8009B2C87 /* News.storyboard */ = {isa = PBXFileReference; fileEncoding = 4; lastKnownFileType = file.storyboard; path = News.storyboard; sourceTree = "<group>"; };
/* End PBXFileReference section */

/* Begin PBXFrameworksBuildPhase section */
		814986A51CC0255B009B2C87 /* Frameworks */ = {
			isa = PBXFrameworksBuildPhase;
			buildActionMask = 2147483647;
			files = (
			);
			runOnlyForDeploymentPostprocessing = 0;
		};
/* End PBXFrameworksBuildPhase section */

/* Begin PBXGroup section */
		8149869F1CC0255B009B2C87 = {
			isa = PBXGroup;
			children = (
				814986AA1CC0255B009B2C87 /* NewsBoardDemo */,
				814986A91CC0255B009B2C87 /* Products */,
			);
			sourceTree = "<group>";
		};
		814986A91CC0255B009B2C87 /* Products */ = {
			isa = PBXGroup;
			children = (
				814986A81CC0255B009B2C87 /* NewsBoardDemo.app */,
			);
			name = Products;
			sourceTree = "<group>";
		};
		814986AA1CC0255B009B2C87 /* NewsBoardDemo */ = {
			isa = PBXGroup;
			children = (
				814986C41CC02702009B2C87 /* Classes */,
				814986AE1CC0255B009B2C87 /* AppDelegate.h */,
				814986AF1CC0255B009B2C87 /* AppDelegate.m */,
				814986B41CC0255B009B2C87 /* Main.storyboard */,
				814986DD1CC02AE8009B2C87 /* News.storyboard */,
				814986B71CC0255B009B2C87 /* Assets.xcassets */,
				814986B91CC0255B009B2C87 /* LaunchScreen.storyboard */,
				814986BC1CC0255B009B2C87 /* Info.plist */,
				814986AB1CC0255B009B2C87 /* Supporting Files */,
			);
			path = NewsBoardDemo;
			sourceTree = "<group>";
		};
		814986AB1CC0255B009B2C87 /* Supporting Files */ = {
			isa = PBXGroup;
			children = (
				814986AC1CC0255B009B2C87 /* main.m */,
			);
			name = "Supporting Files";
			sourceTree = "<group>";
		};
		814986C41CC02702009B2C87 /* Classes */ = {
			isa = PBXGroup;
			children = (
				814986C51CC02702009B2C87 /* Channel */,
				814986C61CC02702009B2C87 /* Cycle */,
				814986CA1CC02702009B2C87 /* Tools */,
				814986C81CC02702009B2C87 /* Logs */,
				814986C91CC02702009B2C87 /* News */,
				814986C71CC02702009B2C87 /* Home */,
			);
			path = Classes;
			sourceTree = "<group>";
		};
		814986C51CC02702009B2C87 /* Channel */ = {
			isa = PBXGroup;
			children = (
			);
			path = Channel;
			sourceTree = "<group>";
		};
		814986C61CC02702009B2C87 /* Cycle */ = {
			isa = PBXGroup;
			children = (
				814986D11CC02816009B2C87 /* Controller */,
				814986D21CC02816009B2C87 /* Model */,
				814986D31CC02816009B2C87 /* View */,
			);
			path = Cycle;
			sourceTree = "<group>";
		};
		814986C71CC02702009B2C87 /* Home */ = {
			isa = PBXGroup;
			children = (
				814986CB1CC02779009B2C87 /* Controller */,
				814986CC1CC02779009B2C87 /* Model */,
				814986CD1CC02779009B2C87 /* View */,
			);
			path = Home;
			sourceTree = "<group>";
		};
		814986C81CC02702009B2C87 /* Logs */ = {
			isa = PBXGroup;
			children = (
			);
			path = Logs;
			sourceTree = "<group>";
		};
		814986C91CC02702009B2C87 /* News */ = {
			isa = PBXGroup;
			children = (
				814986CE1CC027D8009B2C87 /* Controller */,
				814986CF1CC027D8009B2C87 /* Model */,
				814986D01CC027D8009B2C87 /* View */,
			);
			path = News;
			sourceTree = "<group>";
		};
		814986CA1CC02702009B2C87 /* Tools */ = {
			isa = PBXGroup;
			children = (
			);
			path = Tools;
			sourceTree = "<group>";
		};
		814986CB1CC02779009B2C87 /* Controller */ = {
			isa = PBXGroup;
			children = (
				814986D41CC0284B009B2C87 /* HomeViewController.h */,
				814986D51CC0284B009B2C87 /* HomeViewController.m */,
			);
			path = Controller;
			sourceTree = "<group>";
		};
		814986CC1CC02779009B2C87 /* Model */ = {
			isa = PBXGroup;
			children = (
			);
			path = Model;
			sourceTree = "<group>";
		};
		814986CD1CC02779009B2C87 /* View */ = {
			isa = PBXGroup;
			children = (
				814986DA1CC02AA6009B2C87 /* NewsContentCollectionCell.h */,
				814986DB1CC02AA6009B2C87 /* NewsContentCollectionCell.m */,
			);
			path = View;
			sourceTree = "<group>";
		};
		814986CE1CC027D8009B2C87 /* Controller */ = {
			isa = PBXGroup;
			children = (
			);
			path = Controller;
			sourceTree = "<group>";
		};
		814986CF1CC027D8009B2C87 /* Model */ = {
			isa = PBXGroup;
			children = (
			);
			path = Model;
			sourceTree = "<group>";
		};
		814986D01CC027D8009B2C87 /* View */ = {
			isa = PBXGroup;
			children = (
			);
			path = View;
			sourceTree = "<group>";
		};
		814986D11CC02816009B2C87 /* Controller */ = {
			isa = PBXGroup;
			children = (
			);
			path = Controller;
			sourceTree = "<group>";
		};
		814986D21CC02816009B2C87 /* Model */ = {
			isa = PBXGroup;
			children = (
			);
			path = Model;
			sourceTree = "<group>";
		};
		814986D31CC02816009B2C87 /* View */ = {
			isa = PBXGroup;
			children = (
			);
			path = View;
			sourceTree = "<group>";
		};
/* End PBXGroup section */

/* Begin PBXNativeTarget section */
		814986A71CC0255B009B2C87 /* NewsBoardDemo */ = {
			isa = PBXNativeTarget;
			buildConfigurationList = 814986BF1CC0255B009B2C87 /* Build configuration list for PBXNativeTarget "NewsBoardDemo" */;
			buildPhases = (
				814986A41CC0255B009B2C87 /* Sources */,
				814986A51CC0255B009B2C87 /* Frameworks */,
				814986A61CC0255B009B2C87 /* Resources */,
			);
			buildRules = (
			);
			dependencies = (
			);
			name = NewsBoardDemo;
			productName = NewsBoardDemo;
			productReference = 814986A81CC0255B009B2C87 /* NewsBoardDemo.app */;
			productType = "com.apple.product-type.application";
		};
/* End PBXNativeTarget section */

/* Begin PBXProject section */
		814986A01CC0255B009B2C87 /* Project object */ = {
			isa = PBXProject;
			attributes = {
				LastUpgradeCheck = 0720;
				ORGANIZATIONNAME = iOS.WuSanbao;
				TargetAttributes = {
					814986A71CC0255B009B2C87 = {
						CreatedOnToolsVersion = 7.2;
						DevelopmentTeam = W46RZ7T9FG;
					};
				};
			};
			buildConfigurationList = 814986A31CC0255B009B2C87 /* Build configuration list for PBXProject "NewsBoardDemo" */;
			compatibilityVersion = "Xcode 3.2";
			developmentRegion = English;
			hasScannedForEncodings = 0;
			knownRegions = (
				en,
				Base,
			);
			mainGroup = 8149869F1CC0255B009B2C87;
			productRefGroup = 814986A91CC0255B009B2C87 /* Products */;
			projectDirPath = "";
			projectRoot = "";
			targets = (
				814986A71CC0255B009B2C87 /* NewsBoardDemo */,
			);
		};
/* End PBXProject section */

/* Begin PBXResourcesBuildPhase section */
		814986A61CC0255B009B2C87 /* Resources */ = {
			isa = PBXResourcesBuildPhase;
			buildActionMask = 2147483647;
			files = (
				814986BB1CC0255B009B2C87 /* LaunchScreen.storyboard in Resources */,
				814986B81CC0255B009B2C87 /* Assets.xcassets in Resources */,
				814986B61CC0255B009B2C87 /* Main.storyboard in Resources */,
				814986DE1CC02AE8009B2C87 /* News.storyboard in Resources */,
			);
			runOnlyForDeploymentPostprocessing = 0;
		};
/* End PBXResourcesBuildPhase section */

/* Begin PBXSourcesBuildPhase section */
		814986A41CC0255B009B2C87 /* Sources */ = {
			isa = PBXSourcesBuildPhase;
			buildActionMask = 2147483647;
			files = (
				814986B01CC0255B009B2C87 /* AppDelegate.m in Sources */,
				814986AD1CC0255B009B2C87 /* main.m in Sources */,
				814986DC1CC02AA6009B2C87 /* NewsContentCollectionCell.m in Sources */,
				814986D61CC0284B009B2C87 /* HomeViewController.m in Sources */,
			);
			runOnlyForDeploymentPostprocessing = 0;
		};
/* End PBXSourcesBuildPhase section */

/* Begin PBXVariantGroup section */
		814986B41CC0255B009B2C87 /* Main.storyboard */ = {
			isa = PBXVariantGroup;
			children = (
				814986B51CC0255B009B2C87 /* Base */,
			);
			name = Main.storyboard;
			sourceTree = "<group>";
		};
		814986B91CC0255B009B2C87 /* LaunchScreen.storyboard */ = {
			isa = PBXVariantGroup;
			children = (
				814986BA1CC0255B009B2C87 /* Base */,
			);
			name = LaunchScreen.storyboard;
			sourceTree = "<group>";
		};
/* End PBXVariantGroup section */

/* Begin XCBuildConfiguration section */
		814986BD1CC0255B009B2C87 /* Debug */ = {
			isa = XCBuildConfiguration;
			buildSettings = {
				ALWAYS_SEARCH_USER_PATHS = NO;
				CLANG_CXX_LANGUAGE_STANDARD = "gnu++0x";
				CLANG_CXX_LIBRARY = "libc++";
				CLANG_ENABLE_MODULES = YES;
				CLANG_ENABLE_OBJC_ARC = YES;
				CLANG_WARN_BOOL_CONVERSION = YES;
				CLANG_WARN_CONSTANT_CONVERSION = YES;
				CLANG_WARN_DIRECT_OBJC_ISA_USAGE = YES_ERROR;
				CLANG_WARN_EMPTY_BODY = YES;
				CLANG_WARN_ENUM_CONVERSION = YES;
				CLANG_WARN_INT_CONVERSION = YES;
				CLANG_WARN_OBJC_ROOT_CLASS = YES_ERROR;
				CLANG_WARN_UNREACHABLE_CODE = YES;
				CLANG_WARN__DUPLICATE_METHOD_MATCH = YES;
				"CODE_SIGN_IDENTITY[sdk=iphoneos*]" = "iPhone Developer";
				COPY_PHASE_STRIP = NO;
				DEBUG_INFORMATION_FORMAT = dwarf;
				ENABLE_STRICT_OBJC_MSGSEND = YES;
				ENABLE_TESTABILITY = YES;
				GCC_C_LANGUAGE_STANDARD = gnu99;
				GCC_DYNAMIC_NO_PIC = NO;
				GCC_NO_COMMON_BLOCKS = YES;
				GCC_OPTIMIZATION_LEVEL = 0;
				GCC_PREPROCESSOR_DEFINITIONS = (
					"DEBUG=1",
					"$(inherited)",
				);
				GCC_WARN_64_TO_32_BIT_CONVERSION = YES;
				GCC_WARN_ABOUT_RETURN_TYPE = YES_ERROR;
				GCC_WARN_UNDECLARED_SELECTOR = YES;
				GCC_WARN_UNINITIALIZED_AUTOS = YES_AGGRESSIVE;
				GCC_WARN_UNUSED_FUNCTION = YES;
				GCC_WARN_UNUSED_VARIABLE = YES;
				IPHONEOS_DEPLOYMENT_TARGET = 9.2;
				MTL_ENABLE_DEBUG_INFO = YES;
				ONLY_ACTIVE_ARCH = YES;
				SDKROOT = iphoneos;
			};
			name = Debug;
		};
		814986BE1CC0255B009B2C87 /* Release */ = {
			isa = XCBuildConfiguration;
			buildSettings = {
				ALWAYS_SEARCH_USER_PATHS = NO;
				CLANG_CXX_LANGUAGE_STANDARD = "gnu++0x";
				CLANG_CXX_LIBRARY = "libc++";
				CLANG_ENABLE_MODULES = YES;
				CLANG_ENABLE_OBJC_ARC = YES;
				CLANG_WARN_BOOL_CONVERSION = YES;
				CLANG_WARN_CONSTANT_CONVERSION = YES;
				CLANG_WARN_DIRECT_OBJC_ISA_USAGE = YES_ERROR;
				CLANG_WARN_EMPTY_BODY = YES;
				CLANG_WARN_ENUM_CONVERSION = YES;
				CLANG_WARN_INT_CONVERSION = YES;
				CLANG_WARN_OBJC_ROOT_CLASS = YES_ERROR;
				CLANG_WARN_UNREACHABLE_CODE = YES;
				CLANG_WARN__DUPLICATE_METHOD_MATCH = YES;
				"CODE_SIGN_IDENTITY[sdk=iphoneos*]" = "iPhone Developer";
				COPY_PHASE_STRIP = NO;
				DEBUG_INFORMATION_FORMAT = "dwarf-with-dsym";
				ENABLE_NS_ASSERTIONS = NO;
				ENABLE_STRICT_OBJC_MSGSEND = YES;
				GCC_C_LANGUAGE_STANDARD = gnu99;
				GCC_NO_COMMON_BLOCKS = YES;
				GCC_WARN_64_TO_32_BIT_CONVERSION = YES;
				GCC_WARN_ABOUT_RETURN_TYPE = YES_ERROR;
				GCC_WARN_UNDECLARED_SELECTOR = YES;
				GCC_WARN_UNINITIALIZED_AUTOS = YES_AGGRESSIVE;
				GCC_WARN_UNUSED_FUNCTION = YES;
				GCC_WARN_UNUSED_VARIABLE = YES;
				IPHONEOS_DEPLOYMENT_TARGET = 9.2;
				MTL_ENABLE_DEBUG_INFO = NO;
				SDKROOT = iphoneos;
				VALIDATE_PRODUCT = YES;
			};
			name = Release;
		};
		814986C01CC0255B009B2C87 /* Debug */ = {
			isa = XCBuildConfiguration;
			buildSettings = {
				ASSETCATALOG_COMPILER_APPICON_NAME = AppIcon;
				INFOPLIST_FILE = NewsBoardDemo/Info.plist;
				LD_RUNPATH_SEARCH_PATHS = "$(inherited) @executable_path/Frameworks";
				PRODUCT_BUNDLE_IDENTIFIER = Samboo.NewsBoardDemo;
				PRODUCT_NAME = "$(TARGET_NAME)";
			};
			name = Debug;
		};
		814986C11CC0255B009B2C87 /* Release */ = {
			isa = XCBuildConfiguration;
			buildSettings = {
				ASSETCATALOG_COMPILER_APPICON_NAME = AppIcon;
				INFOPLIST_FILE = NewsBoardDemo/Info.plist;
				LD_RUNPATH_SEARCH_PATHS = "$(inherited) @executable_path/Frameworks";
				PRODUCT_BUNDLE_IDENTIFIER = Samboo.NewsBoardDemo;
				PRODUCT_NAME = "$(TARGET_NAME)";
			};
			name = Release;
		};
/* End XCBuildConfiguration section */

/* Begin XCConfigurationList section */
		814986A31CC0255B009B2C87 /* Build configuration list for PBXProject "NewsBoardDemo" */ = {
			isa = XCConfigurationList;
			buildConfigurations = (
				814986BD1CC0255B009B2C87 /* Debug */,
				814986BE1CC0255B009B2C87 /* Release */,
			);
			defaultConfigurationIsVisible = 0;
			defaultConfigurationName = Release;
		};
		814986BF1CC0255B009B2C87 /* Build configuration list for PBXNativeTarget "NewsBoardDemo" */ = {
			isa = XCConfigurationList;
			buildConfigurations = (
				814986C01CC0255B009B2C87 /* Debug */,
				814986C11CC0255B009B2C87 /* Release */,
			);
			defaultConfigurationIsVisible = 0;
		};
/* End XCConfigurationList section */
	};
	rootObject = 814986A01CC0255B009B2C87 /* Project object */;
}
